// !$*UTF8*$!
{
	archiveVersion = 1;
	classes = {
	};
	objectVersion = 48;
	objects = {

/* Begin PBXBuildFile section */
		EDAF825F2055F5B1005E17FB /* AppDelegate.swift in Sources */ = {isa = PBXBuildFile; fileRef = EDAF825E2055F5B1005E17FB /* AppDelegate.swift */; };
		EDAF82612055F5B1005E17FB /* ViewController.swift in Sources */ = {isa = PBXBuildFile; fileRef = EDAF82602055F5B1005E17FB /* ViewController.swift */; };
		EDAF82642055F5B1005E17FB /* Main.storyboard in Resources */ = {isa = PBXBuildFile; fileRef = EDAF82622055F5B1005E17FB /* Main.storyboard */; };
		EDAF82692055F5B1005E17FB /* Assets.xcassets in Resources */ = {isa = PBXBuildFile; fileRef = EDAF82682055F5B1005E17FB /* Assets.xcassets */; };
		EDAF826C2055F5B1005E17FB /* LaunchScreen.storyboard in Resources */ = {isa = PBXBuildFile; fileRef = EDAF826A2055F5B1005E17FB /* LaunchScreen.storyboard */; };
		EDAF82742055F6F5005E17FB /* RoundButton.swift in Sources */ = {isa = PBXBuildFile; fileRef = EDAF82732055F6F5005E17FB /* RoundButton.swift */; };
/* End PBXBuildFile section */

/* Begin PBXFileReference section */
		EDAF825B2055F5B1005E17FB /* Calculadora IOS11.app */ = {isa = PBXFileReference; explicitFileType = wrapper.application; includeInIndex = 0; path = "Calculadora IOS11.app"; sourceTree = BUILT_PRODUCTS_DIR; };
		EDAF825E2055F5B1005E17FB /* AppDelegate.swift */ = {isa = PBXFileReference; lastKnownFileType = sourcecode.swift; path = AppDelegate.swift; sourceTree = "<group>"; };
		EDAF82602055F5B1005E17FB /* ViewController.swift */ = {isa = PBXFileReference; lastKnownFileType = sourcecode.swift; path = ViewController.swift; sourceTree = "<group>"; };
		EDAF82632055F5B1005E17FB /* Base */ = {isa = PBXFileReference; lastKnownFileType = file.storyboard; name = Base; path = Base.lproj/Main.storyboard; sourceTree = "<group>"; };
		EDAF82682055F5B1005E17FB /* Assets.xcassets */ = {isa = PBXFileReference; lastKnownFileType = folder.assetcatalog; path = Assets.xcassets; sourceTree = "<group>"; };
		EDAF826B2055F5B1005E17FB /* Base */ = {isa = PBXFileReference; lastKnownFileType = file.storyboard; name = Base; path = Base.lproj/LaunchScreen.storyboard; sourceTree = "<group>"; };
		EDAF826D2055F5B1005E17FB /* Info.plist */ = {isa = PBXFileReference; lastKnownFileType = text.plist.xml; path = Info.plist; sourceTree = "<group>"; };
		EDAF82732055F6F5005E17FB /* RoundButton.swift */ = {isa = PBXFileReference; lastKnownFileType = sourcecode.swift; path = RoundButton.swift; sourceTree = "<group>"; };
/* End PBXFileReference section */

/* Begin PBXFrameworksBuildPhase section */
		EDAF82582055F5B1005E17FB /* Frameworks */ = {
			isa = PBXFrameworksBuildPhase;
			buildActionMask = 2147483647;
			files = (
			);
			runOnlyForDeploymentPostprocessing = 0;
		};
/* End PBXFrameworksBuildPhase section */

/* Begin PBXGroup section */
		EDAF82522055F5B1005E17FB = {
			isa = PBXGroup;
			children = (
				EDAF825D2055F5B1005E17FB /* Calculadora IOS11 */,
				EDAF825C2055F5B1005E17FB /* Products */,
			);
			sourceTree = "<group>";
		};
		EDAF825C2055F5B1005E17FB /* Products */ = {
			isa = PBXGroup;
			children = (
				EDAF825B2055F5B1005E17FB /* Calculadora IOS11.app */,
			);
			name = Products;
			sourceTree = "<group>";
		};
		EDAF825D2055F5B1005E17FB /* Calculadora IOS11 */ = {
			isa = PBXGroup;
			children = (
				EDAF825E2055F5B1005E17FB /* AppDelegate.swift */,
				EDAF82602055F5B1005E17FB /* ViewController.swift */,
				EDAF82622055F5B1005E17FB /* Main.storyboard */,
				EDAF82682055F5B1005E17FB /* Assets.xcassets */,
				EDAF826A2055F5B1005E17FB /* LaunchScreen.storyboard */,
				EDAF826D2055F5B1005E17FB /* Info.plist */,
				EDAF82732055F6F5005E17FB /* RoundButton.swift */,
			);
			path = "Calculadora IOS11";
			sourceTree = "<group>";
		};
/* End PBXGroup section */

/* Begin PBXNativeTarget section */
		EDAF825A2055F5B1005E17FB /* Calculadora IOS11 */ = {
			isa = PBXNativeTarget;
			buildConfigurationList = EDAF82702055F5B1005E17FB /* Build configuration list for PBXNativeTarget "Calculadora IOS11" */;
			buildPhases = (
				EDAF82572055F5B1005E17FB /* Sources */,
				EDAF82582055F5B1005E17FB /* Frameworks */,
				EDAF82592055F5B1005E17FB /* Resources */,
			);
			buildRules = (
			);
			dependencies = (
			);
			name = "Calculadora IOS11";
			productName = "Calculadora IOS11";
			productReference = EDAF825B2055F5B1005E17FB /* Calculadora IOS11.app */;
			productType = "com.apple.product-type.application";
		};
/* End PBXNativeTarget section */

/* Begin PBXProject section */
		EDAF82532055F5B1005E17FB /* Project object */ = {
			isa = PBXProject;
			attributes = {
				LastSwiftUpdateCheck = 0920;
				LastUpgradeCheck = 0920;
				ORGANIZATIONNAME = Yhair;
				TargetAttributes = {
					EDAF825A2055F5B1005E17FB = {
						CreatedOnToolsVersion = 9.2;
						ProvisioningStyle = Automatic;
					};
				};
			};
			buildConfigurationList = EDAF82562055F5B1005E17FB /* Build configuration list for PBXProject "Calculadora IOS11" */;
			compatibilityVersion = "Xcode 8.0";
			developmentRegion = en;
			hasScannedForEncodings = 0;
			knownRegions = (
				en,
				Base,
			);
			mainGroup = EDAF82522055F5B1005E17FB;
			productRefGroup = EDAF825C2055F5B1005E17FB /* Products */;
			projectDirPath = "";
			projectRoot = "";
			targets = (
				EDAF825A2055F5B1005E17FB /* Calculadora IOS11 */,
			);
		};
/* End PBXProject section */

/* Begin PBXResourcesBuildPhase section */
		EDAF82592055F5B1005E17FB /* Resources */ = {
			isa = PBXResourcesBuildPhase;
			buildActionMask = 2147483647;
			files = (
				EDAF826C2055F5B1005E17FB /* LaunchScreen.storyboard in Resources */,
				EDAF82692055F5B1005E17FB /* Assets.xcassets in Resources */,
				EDAF82642055F5B1005E17FB /* Main.storyboard in Resources */,
			);
			runOnlyForDeploymentPostprocessing = 0;
		};
/* End PBXResourcesBuildPhase section */

/* Begin PBXSourcesBuildPhase section */
		EDAF82572055F5B1005E17FB /* Sources */ = {
			isa = PBXSourcesBuildPhase;
			buildActionMask = 2147483647;
			files = (
				EDAF82742055F6F5005E17FB /* RoundButton.swift in Sources */,
				EDAF82612055F5B1005E17FB /* ViewController.swift in Sources */,
				EDAF825F2055F5B1005E17FB /* AppDelegate.swift in Sources */,
			);
			runOnlyForDeploymentPostprocessing = 0;
		};
/* End PBXSourcesBuildPhase section */

/* Begin PBXVariantGroup section */
		EDAF82622055F5B1005E17FB /* Main.storyboard */ = {
			isa = PBXVariantGroup;
			children = (
				EDAF82632055F5B1005E17FB /* Base */,
			);
			name = Main.storyboard;
			sourceTree = "<group>";
		};
		EDAF826A2055F5B1005E17FB /* LaunchScreen.storyboard */ = {
			isa = PBXVariantGroup;
			children = (
				EDAF826B2055F5B1005E17FB /* Base */,
			);
			name = LaunchScreen.storyboard;
			sourceTree = "<group>";
		};
/* End PBXVariantGroup section */

/* Begin XCBuildConfiguration section */
		EDAF826E2055F5B1005E17FB /* Debug */ = {
			isa = XCBuildConfiguration;
			buildSettings = {
				ALWAYS_SEARCH_USER_PATHS = NO;
				CLANG_ANALYZER_NONNULL = YES;
				CLANG_ANALYZER_NUMBER_OBJECT_CONVERSION = YES_AGGRESSIVE;
				CLANG_CXX_LANGUAGE_STANDARD = "gnu++14";
				CLANG_CXX_LIBRARY = "libc++";
				CLANG_ENABLE_MODULES = YES;
				CLANG_ENABLE_OBJC_ARC = YES;
				CLANG_WARN_BLOCK_CAPTURE_AUTORELEASING = YES;
				CLANG_WARN_BOOL_CONVERSION = YES;
				CLANG_WARN_COMMA = YES;
				CLANG_WARN_CONSTANT_CONVERSION = YES;
				CLANG_WARN_DIRECT_OBJC_ISA_USAGE = YES_ERROR;
				CLANG_WARN_DOCUMENTATION_COMMENTS = YES;
				CLANG_WARN_EMPTY_BODY = YES;
				CLANG_WARN_ENUM_CONVERSION = YES;
				CLANG_WARN_INFINITE_RECURSION = YES;
				CLANG_WARN_INT_CONVERSION = YES;
				CLANG_WARN_NON_LITERAL_NULL_CONVERSION = YES;
				CLANG_WARN_OBJC_LITERAL_CONVERSION = YES;
				CLANG_WARN_OBJC_ROOT_CLASS = YES_ERROR;
				CLANG_WARN_RANGE_LOOP_ANALYSIS = YES;
				CLANG_WARN_STRICT_PROTOTYPES = YES;
				CLANG_WARN_SUSPICIOUS_MOVE = YES;
				CLANG_WARN_UNGUARDED_AVAILABILITY = YES_AGGRESSIVE;
				CLANG_WARN_UNREACHABLE_CODE = YES;
				CLANG_WARN__DUPLICATE_METHOD_MATCH = YES;
				CODE_SIGN_IDENTITY = "iPhone Developer";
				COPY_PHASE_STRIP = NO;
				DEBUG_INFORMATION_FORMAT = dwarf;
				ENABLE_STRICT_OBJC_MSGSEND = YES;
				ENABLE_TESTABILITY = YES;
				GCC_C_LANGUAGE_STANDARD = gnu11;
				GCC_DYNAMIC_NO_PIC = NO;
				GCC_NO_COMMON_BLOCKS = YES;
				GCC_OPTIMIZATION_LEVEL = 0;
				GCC_PREPROCESSOR_DEFINITIONS = (
					"DEBUG=1",
					"$(inherited)",
				);
				GCC_WARN_64_TO_32_BIT_CONVERSION = YES;
				GCC_WARN_ABOUT_RETURN_TYPE = YES_ERROR;
				GCC_WARN_UNDECLARED_SELECTOR = YES;
				GCC_WARN_UNINITIALIZED_AUTOS = YES_AGGRESSIVE;
				GCC_WARN_UNUSED_FUNCTION = YES;
				GCC_WARN_UNUSED_VARIABLE = YES;
				IPHONEOS_DEPLOYMENT_TARGET = 11.2;
				MTL_ENABLE_DEBUG_INFO = YES;
				ONLY_ACTIVE_ARCH = YES;
				SDKROOT = iphoneos;
				SWIFT_ACTIVE_COMPILATION_CONDITIONS = DEBUG;
				SWIFT_OPTIMIZATION_LEVEL = "-Onone";
			};
			name = Debug;
		};
		EDAF826F2055F5B1005E17FB /* Release */ = {
			isa = XCBuildConfiguration;
			buildSettings = {
				ALWAYS_SEARCH_USER_PATHS = NO;
				CLANG_ANALYZER_NONNULL = YES;
				CLANG_ANALYZER_NUMBER_OBJECT_CONVERSION = YES_AGGRESSIVE;
				CLANG_CXX_LANGUAGE_STANDARD = "gnu++14";
				CLANG_CXX_LIBRARY = "libc++";
				CLANG_ENABLE_MODULES = YES;
				CLANG_ENABLE_OBJC_ARC = YES;
				CLANG_WARN_BLOCK_CAPTURE_AUTORELEASING = YES;
				CLANG_WARN_BOOL_CONVERSION = YES;
				CLANG_WARN_COMMA = YES;
				CLANG_WARN_CONSTANT_CONVERSION = YES;
				CLANG_WARN_DIRECT_OBJC_ISA_USAGE = YES_ERROR;
				CLANG_WARN_DOCUMENTATION_COMMENTS = YES;
				CLANG_WARN_EMPTY_BODY = YES;
				CLANG_WARN_ENUM_CONVERSION = YES;
				CLANG_WARN_INFINITE_RECURSION = YES;
				CLANG_WARN_INT_CONVERSION = YES;
				CLANG_WARN_NON_LITERAL_NULL_CONVERSION = YES;
				CLANG_WARN_OBJC_LITERAL_CONVERSION = YES;
				CLANG_WARN_OBJC_ROOT_CLASS = YES_ERROR;
				CLANG_WARN_RANGE_LOOP_ANALYSIS = YES;
				CLANG_WARN_STRICT_PROTOTYPES = YES;
				CLANG_WARN_SUSPICIOUS_MOVE = YES;
				CLANG_WARN_UNGUARDED_AVAILABILITY = YES_AGGRESSIVE;
				CLANG_WARN_UNREACHABLE_CODE = YES;
				CLANG_WARN__DUPLICATE_METHOD_MATCH = YES;
				CODE_SIGN_IDENTITY = "iPhone Developer";
				COPY_PHASE_STRIP = NO;
				DEBUG_INFORMATION_FORMAT = "dwarf-with-dsym";
				ENABLE_NS_ASSERTIONS = NO;
				ENABLE_STRICT_OBJC_MSGSEND = YES;
				GCC_C_LANGUAGE_STANDARD = gnu11;
				GCC_NO_COMMON_BLOCKS = YES;
				GCC_WARN_64_TO_32_BIT_CONVERSION = YES;
				GCC_WARN_ABOUT_RETURN_TYPE = YES_ERROR;
				GCC_WARN_UNDECLARED_SELECTOR = YES;
				GCC_WARN_UNINITIALIZED_AUTOS = YES_AGGRESSIVE;
				GCC_WARN_UNUSED_FUNCTION = YES;
				GCC_WARN_UNUSED_VARIABLE = YES;
				IPHONEOS_DEPLOYMENT_TARGET = 11.2;
				MTL_ENABLE_DEBUG_INFO = NO;
				SDKROOT = iphoneos;
				SWIFT_OPTIMIZATION_LEVEL = "-Owholemodule";
				VALIDATE_PRODUCT = YES;
			};
			name = Release;
		};
		EDAF82712055F5B1005E17FB /* Debug */ = {
			isa = XCBuildConfiguration;
			buildSettings = {
				ASSETCATALOG_COMPILER_APPICON_NAME = AppIcon;
				CODE_SIGN_STYLE = Automatic;
				DEVELOPMENT_TEAM = 29FB4TA73U;
				INFOPLIST_FILE = "Calculadora IOS11/Info.plist";
				LD_RUNPATH_SEARCH_PATHS = "$(inherited) @executable_path/Frameworks";
				PRODUCT_BUNDLE_IDENTIFIER = "com.yhair.Calculadora-IOS11";
				PRODUCT_NAME = "$(TARGET_NAME)";
				SWIFT_VERSION = 4.0;
				TARGETED_DEVICE_FAMILY = "1,2";
			};
			name = Debug;
		};
		EDAF82722055F5B1005E17FB /* Release */ = {
			isa = XCBuildConfiguration;
			buildSettings = {
				ASSETCATALOG_COMPILER_APPICON_NAME = AppIcon;
				CODE_SIGN_STYLE = Automatic;
				DEVELOPMENT_TEAM = 29FB4TA73U;
				INFOPLIST_FILE = "Calculadora IOS11/Info.plist";
				LD_RUNPATH_SEARCH_PATHS = "$(inherited) @executable_path/Frameworks";
				PRODUCT_BUNDLE_IDENTIFIER = "com.yhair.Calculadora-IOS11";
				PRODUCT_NAME = "$(TARGET_NAME)";
				SWIFT_VERSION = 4.0;
				TARGETED_DEVICE_FAMILY = "1,2";
			};
			name = Release;
		};
/* End XCBuildConfiguration section */

/* Begin XCConfigurationList section */
		EDAF82562055F5B1005E17FB /* Build configuration list for PBXProject "Calculadora IOS11" */ = {
			isa = XCConfigurationList;
			buildConfigurations = (
				EDAF826E2055F5B1005E17FB /* Debug */,
				EDAF826F2055F5B1005E17FB /* Release */,
			);
			defaultConfigurationIsVisible = 0;
			defaultConfigurationName = Release;
		};
		EDAF82702055F5B1005E17FB /* Build configuration list for PBXNativeTarget "Calculadora IOS11" */ = {
			isa = XCConfigurationList;
			buildConfigurations = (
				EDAF82712055F5B1005E17FB /* Debug */,
				EDAF82722055F5B1005E17FB /* Release */,
			);
			defaultConfigurationIsVisible = 0;
			defaultConfigurationName = Release;
		};
/* End XCConfigurationList section */
	};
	rootObject = EDAF82532055F5B1005E17FB /* Project object */;
}
